
Microsoft Visual Studio Solution File, Format Version 12.00
# Visual Studio Version 17
VisualStudioVersion = 17.0.32014.148
MinimumVisualStudioVersion = 10.0.40219.1
Project("{9A19103F-16F7-4668-BE54-9A1E7A4F7556}") = "FizzBuzz", "FizzBuzz\FizzBuzz.csproj", "{4D2DBF31-8C9C-414E-8FFA-5B5A44E3881C}"
EndProject
Project("{9A19103F-16F7-4668-BE54-9A1E7A4F7556}") = "Atm.Domain", "Atm.Domain\Atm.Domain.csproj", "{751461E7-BE4E-4D3F-A76E-573622875251}"
EndProject
Project("{9A19103F-16F7-4668-BE54-9A1E7A4F7556}") = "Atm.Domain.Tests.Acceptance", "Atm.Domain.Tests.Acceptance\Atm.Domain.Tests.Acceptance.csproj", "{8CC6A847-EDBF-47B6-B5E8-2B5C2A5F7A4C}"
EndProject
Project("{9A19103F-16F7-4668-BE54-9A1E7A4F7556}") = "Calculator.Core", "Calculator.Core\Calculator.Core.csproj", "{B6BA1BF3-E2D4-4458-AACD-2A3B04C35163}"
EndProject
Project("{9A19103F-16F7-4668-BE54-9A1E7A4F7556}") = "AccountManagement", "AccountManagement\AccountManagement.csproj", "{CC057BD5-30A9-4ED4-AB0B-1CDAFEEE5BA3}"
EndProject
Project("{FAE04EC0-301F-11D3-BF4B-00C04F79EFBC}") = "AccountMangement.Tests", "AccountMangement.Tests\AccountMangement.Tests.csproj", "{1E95BEE6-2F5B-4700-A0F4-A69250BFED89}"
EndProject
Project("{FAE04EC0-301F-11D3-BF4B-00C04F79EFBC}") = "Calculator.Core.Tests", "Calculator.Core.Tests\Calculator.Core.Tests.csproj", "{5F196D6E-74CD-4AAD-B7DB-A655B6F2F14D}"
EndProject
Global
	GlobalSection(SolutionConfigurationPlatforms) = preSolution
		Debug|Any CPU = Debug|Any CPU
		Release|Any CPU = Release|Any CPU
	EndGlobalSection
	GlobalSection(ProjectConfigurationPlatforms) = postSolution
		{4D2DBF31-8C9C-414E-8FFA-5B5A44E3881C}.Debug|Any CPU.ActiveCfg = Debug|Any CPU
		{4D2DBF31-8C9C-414E-8FFA-5B5A44E3881C}.Debug|Any CPU.Build.0 = Debug|Any CPU
		{4D2DBF31-8C9C-414E-8FFA-5B5A44E3881C}.Release|Any CPU.ActiveCfg = Release|Any CPU
		{4D2DBF31-8C9C-414E-8FFA-5B5A44E3881C}.Release|Any CPU.Build.0 = Release|Any CPU
		{751461E7-BE4E-4D3F-A76E-573622875251}.Debug|Any CPU.ActiveCfg = Debug|Any CPU
		{751461E7-BE4E-4D3F-A76E-573622875251}.Debug|Any CPU.Build.0 = Debug|Any CPU
		{751461E7-BE4E-4D3F-A76E-573622875251}.Release|Any CPU.ActiveCfg = Release|Any CPU
		{751461E7-BE4E-4D3F-A76E-573622875251}.Release|Any CPU.Build.0 = Release|Any CPU
		{8CC6A847-EDBF-47B6-B5E8-2B5C2A5F7A4C}.Debug|Any CPU.ActiveCfg = Debug|Any CPU
		{8CC6A847-EDBF-47B6-B5E8-2B5C2A5F7A4C}.Debug|Any CPU.Build.0 = Debug|Any CPU
		{8CC6A847-EDBF-47B6-B5E8-2B5C2A5F7A4C}.Release|Any CPU.ActiveCfg = Release|Any CPU
		{8CC6A847-EDBF-47B6-B5E8-2B5C2A5F7A4C}.Release|Any CPU.Build.0 = Release|Any CPU
		{B6BA1BF3-E2D4-4458-AACD-2A3B04C35163}.Debug|Any CPU.ActiveCfg = Debug|Any CPU
		{B6BA1BF3-E2D4-4458-AACD-2A3B04C35163}.Debug|Any CPU.Build.0 = Debug|Any CPU
		{B6BA1BF3-E2D4-4458-AACD-2A3B04C35163}.Release|Any CPU.ActiveCfg = Release|Any CPU
		{B6BA1BF3-E2D4-4458-AACD-2A3B04C35163}.Release|Any CPU.Build.0 = Release|Any CPU
		{CC057BD5-30A9-4ED4-AB0B-1CDAFEEE5BA3}.Debug|Any CPU.ActiveCfg = Debug|Any CPU
		{CC057BD5-30A9-4ED4-AB0B-1CDAFEEE5BA3}.Debug|Any CPU.Build.0 = Debug|Any CPU
		{CC057BD5-30A9-4ED4-AB0B-1CDAFEEE5BA3}.Release|Any CPU.ActiveCfg = Release|Any CPU
		{CC057BD5-30A9-4ED4-AB0B-1CDAFEEE5BA3}.Release|Any CPU.Build.0 = Release|Any CPU
		{1E95BEE6-2F5B-4700-A0F4-A69250BFED89}.Debug|Any CPU.ActiveCfg = Debug|Any CPU
		{1E95BEE6-2F5B-4700-A0F4-A69250BFED89}.Debug|Any CPU.Build.0 = Debug|Any CPU
		{1E95BEE6-2F5B-4700-A0F4-A69250BFED89}.Release|Any CPU.ActiveCfg = Release|Any CPU
		{1E95BEE6-2F5B-4700-A0F4-A69250BFED89}.Release|Any CPU.Build.0 = Release|Any CPU
		{5F196D6E-74CD-4AAD-B7DB-A655B6F2F14D}.Debug|Any CPU.ActiveCfg = Debug|Any CPU
		{5F196D6E-74CD-4AAD-B7DB-A655B6F2F14D}.Debug|Any CPU.Build.0 = Debug|Any CPU
		{5F196D6E-74CD-4AAD-B7DB-A655B6F2F14D}.Release|Any CPU.ActiveCfg = Release|Any CPU
		{5F196D6E-74CD-4AAD-B7DB-A655B6F2F14D}.Release|Any CPU.Build.0 = Release|Any CPU
	EndGlobalSection
	GlobalSection(SolutionProperties) = preSolution
		HideSolutionNode = FALSE
	EndGlobalSection
	GlobalSection(ExtensibilityGlobals) = postSolution
		SolutionGuid = {1201DF7A-447F-4BB9-81EF-386269CF8377}
	EndGlobalSection
EndGlobal
